
Microsoft Visual Studio Solution File, Format Version 12.00
# Visual Studio Version 16
VisualStudioVersion = 16.0.29324.140
MinimumVisualStudioVersion = 10.0.40219.1
Project("{FAE04EC0-301F-11D3-BF4B-00C04F79EFBC}") = "First Project - Work, Rest, Pay Rent", "First Project - Work, Rest, Pay Rent\First Project - Work, Rest, Pay Rent.csproj", "{0AC057E4-53A7-4062-ACEE-4E2F284C65A3}"
EndProject
Global
	GlobalSection(SolutionConfigurationPlatforms) = preSolution
		Debug|Any CPU = Debug|Any CPU
		Release|Any CPU = Release|Any CPU
	EndGlobalSection
	GlobalSection(ProjectConfigurationPlatforms) = postSolution
		{0AC057E4-53A7-4062-ACEE-4E2F284C65A3}.Debug|Any CPU.ActiveCfg = Debug|Any CPU
		{0AC057E4-53A7-4062-ACEE-4E2F284C65A3}.Debug|Any CPU.Build.0 = Debug|Any CPU
		{0AC057E4-53A7-4062-ACEE-4E2F284C65A3}.Release|Any CPU.ActiveCfg = Release|Any CPU
		{0AC057E4-53A7-4062-ACEE-4E2F284C65A3}.Release|Any CPU.Build.0 = Release|Any CPU
	EndGlobalSection
	GlobalSection(SolutionProperties) = preSolution
		HideSolutionNode = FALSE
	EndGlobalSection
	GlobalSection(ExtensibilityGlobals) = postSolution
		SolutionGuid = {45CF2490-67E6-4791-97AA-B92F636F965D}
	EndGlobalSection
EndGlobal
